
Microsoft Visual Studio Solution File, Format Version 12.00
# Visual Studio 2015
Project("{FAE04EC0-301F-11D3-BF4B-00C04F79EFBC}") = "Enflux_VR_Dance.CSharp", "Enflux_VR_Dance.CSharp.csproj", "{C355E5E0-3C4A-85F2-5CFC-045C5648E92E}"
EndProject
Project("{FAE04EC0-301F-11D3-BF4B-00C04F79EFBC}") = "Enflux_VR_Dance.CSharp.Editor", "Enflux_VR_Dance.CSharp.Editor.csproj", "{A4923290-7711-B1E1-78EC-34742D37BD94}"
EndProject
Global
	GlobalSection(SolutionConfigurationPlatforms) = preSolution
		Debug|Any CPU = Debug|Any CPU
		Release|Any CPU = Release|Any CPU
	EndGlobalSection
	GlobalSection(ProjectConfigurationPlatforms) = postSolution
		{C355E5E0-3C4A-85F2-5CFC-045C5648E92E}.Debug|Any CPU.ActiveCfg = Debug|Any CPU
		{C355E5E0-3C4A-85F2-5CFC-045C5648E92E}.Debug|Any CPU.Build.0 = Debug|Any CPU
		{C355E5E0-3C4A-85F2-5CFC-045C5648E92E}.Release|Any CPU.ActiveCfg = Release|Any CPU
		{C355E5E0-3C4A-85F2-5CFC-045C5648E92E}.Release|Any CPU.Build.0 = Release|Any CPU
		{A4923290-7711-B1E1-78EC-34742D37BD94}.Debug|Any CPU.ActiveCfg = Debug|Any CPU
		{A4923290-7711-B1E1-78EC-34742D37BD94}.Debug|Any CPU.Build.0 = Debug|Any CPU
		{A4923290-7711-B1E1-78EC-34742D37BD94}.Release|Any CPU.ActiveCfg = Release|Any CPU
		{A4923290-7711-B1E1-78EC-34742D37BD94}.Release|Any CPU.Build.0 = Release|Any CPU
	EndGlobalSection
	GlobalSection(SolutionProperties) = preSolution
		HideSolutionNode = FALSE
	EndGlobalSection
EndGlobal
